
Microsoft Visual Studio Solution File, Format Version 12.00
# Visual Studio Version 16
VisualStudioVersion = 16.0.28822.285
MinimumVisualStudioVersion = 10.0.40219.1
Project("{8BC9CEB8-8B4A-11D0-8D11-00A0C91BC942}") = "01_Test", "Project1\Project1.vcxproj", "{979BA71D-13EB-4FEE-86F7-09D432CA8B5D}"
EndProject
Project("{8BC9CEB8-8B4A-11D0-8D11-00A0C91BC942}") = "02_ResimAcma", "02_ResimAcma\02_ResimAcma.vcxproj", "{2BF49367-1FB3-46A7-903A-BA4D1F732DBB}"
EndProject
Project("{8BC9CEB8-8B4A-11D0-8D11-00A0C91BC942}") = "03_VideoAcma", "03_VideoAcma\03_VideoAcma.vcxproj", "{204F5774-54BF-4DC5-B4DF-8963211907ED}"
EndProject
Project("{8BC9CEB8-8B4A-11D0-8D11-00A0C91BC942}") = "04_WebCamAcma", "04_WebCamAcma\04_WebCamAcma.vcxproj", "{8BFC44FB-AD2A-471B-B19F-00FA609A0E1D}"
EndProject
Project("{8BC9CEB8-8B4A-11D0-8D11-00A0C91BC942}") = "05_GoruntuBoyutlama", "05_GoruntuBoyutlama\05_GoruntuBoyutlama.vcxproj", "{F4237154-4316-4911-BC6E-58ACC47734D8}"
EndProject
Project("{8BC9CEB8-8B4A-11D0-8D11-00A0C91BC942}") = "06_GoruntuBoyutDegistirme", "06_GoruntuBoyutDegistirme\06_GoruntuBoyutDegistirme.vcxproj", "{E95624A8-7C38-479E-8FB7-9F83E6ABF3E3}"
EndProject
Project("{8BC9CEB8-8B4A-11D0-8D11-00A0C91BC942}") = "07_BosRenkliResimOlusturma", "07_BosRenkliResimOlusturma\07_BosRenkliResimOlusturma.vcxproj", "{2054B40E-BC43-4D79-B969-A663D750E960}"
EndProject
Project("{8BC9CEB8-8B4A-11D0-8D11-00A0C91BC942}") = "08_GoruntuFormatlari", "08_GoruntuFormatlari\08_GoruntuFormatlari.vcxproj", "{E84C1545-0DBD-4A60-9D8F-13AA6914F7D1}"
EndProject
Project("{8BC9CEB8-8B4A-11D0-8D11-00A0C91BC942}") = "09_PikselIslemleri", "09_PikselIslemleri\09_PikselIslemleri.vcxproj", "{187B9F5B-0FA5-4BCF-9159-723D0EFE6BC8}"
EndProject
Project("{8BC9CEB8-8B4A-11D0-8D11-00A0C91BC942}") = "10_KontrasFonksiyonu", "10_KontrasFonksiyonu\10_KontrasFonksiyonu.vcxproj", "{2771B484-28DC-4FCC-93CD-2CAD5A6B8AFF}"
EndProject
Project("{8BC9CEB8-8B4A-11D0-8D11-00A0C91BC942}") = "11_GoruntuParlakligi", "11_GoruntuParlakligi\11_GoruntuParlakligi.vcxproj", "{4248F53F-2CB5-4169-9980-E6A285494A7E}"
EndProject
Project("{8BC9CEB8-8B4A-11D0-8D11-00A0C91BC942}") = "12_TrackbarKullanimi", "12_TrackbarKullanimi\12_TrackbarKullanimi.vcxproj", "{B4ACB0AF-220D-4E48-A532-0291A5F65961}"
EndProject
Project("{8BC9CEB8-8B4A-11D0-8D11-00A0C91BC942}") = "13_GoruntuUzerineMetin", "13_GoruntuUzerineMetin\13_GoruntuUzerineMetin.vcxproj", "{35015D7C-6DE1-4810-A174-1CADA56568F7}"
EndProject
Project("{8BC9CEB8-8B4A-11D0-8D11-00A0C91BC942}") = "14_GoruntuUzerineLineerCizgi", "14_GoruntuUzerineLineerCizgi\14_GoruntuUzerineLineerCizgi.vcxproj", "{CABC16BE-A417-457A-9AED-E7A087D6354F}"
EndProject
Project("{8BC9CEB8-8B4A-11D0-8D11-00A0C91BC942}") = "15_MousePikselOgren", "15_MousePikselOgren\15_MousePikselOgren.vcxproj", "{C7ED6CBE-416E-4831-BD55-449F9F505550}"
EndProject
Project("{8BC9CEB8-8B4A-11D0-8D11-00A0C91BC942}") = "16_MouseCizgiCek", "16_MouseCizgiCek\16_MouseCizgiCek.vcxproj", "{2DA22CA2-51A8-47DB-8366-219D35D3C9DC}"
EndProject
Project("{8BC9CEB8-8B4A-11D0-8D11-00A0C91BC942}") = "17_MouseResimKirp", "17_MouseResimKir\17_MouseResimKir.vcxproj", "{7D30A2AD-03C4-4AA4-A960-A2F2BDB4681E}"
EndProject
Project("{8BC9CEB8-8B4A-11D0-8D11-00A0C91BC942}") = "18_Filtreler", "18_Filtreler\18_Filtreler.vcxproj", "{8E96C2B3-E1F7-4405-8868-402BAB408F50}"
EndProject
Project("{8BC9CEB8-8B4A-11D0-8D11-00A0C91BC942}") = "19_Filtreler_Gauss", "19_Filtreler_Gauss\19_Filtreler_Gauss.vcxproj", "{F99815F1-6280-427C-A1BF-5624EC7ABD1F}"
EndProject
Project("{8BC9CEB8-8B4A-11D0-8D11-00A0C91BC942}") = "20_Filtreler_Bileteral", "20_Filtreler_Bileteral\20_Filtreler_Bileteral.vcxproj", "{DD0DEA16-5AEC-4FC7-9107-5FA9A30C5406}"
EndProject
Global
	GlobalSection(SolutionConfigurationPlatforms) = preSolution
		Debug|x64 = Debug|x64
		Debug|x86 = Debug|x86
		Release|x64 = Release|x64
		Release|x86 = Release|x86
	EndGlobalSection
	GlobalSection(ProjectConfigurationPlatforms) = postSolution
		{979BA71D-13EB-4FEE-86F7-09D432CA8B5D}.Debug|x64.ActiveCfg = Debug|x64
		{979BA71D-13EB-4FEE-86F7-09D432CA8B5D}.Debug|x64.Build.0 = Debug|x64
		{979BA71D-13EB-4FEE-86F7-09D432CA8B5D}.Debug|x86.ActiveCfg = Debug|Win32
		{979BA71D-13EB-4FEE-86F7-09D432CA8B5D}.Debug|x86.Build.0 = Debug|Win32
		{979BA71D-13EB-4FEE-86F7-09D432CA8B5D}.Release|x64.ActiveCfg = Release|x64
		{979BA71D-13EB-4FEE-86F7-09D432CA8B5D}.Release|x64.Build.0 = Release|x64
		{979BA71D-13EB-4FEE-86F7-09D432CA8B5D}.Release|x86.ActiveCfg = Release|Win32
		{979BA71D-13EB-4FEE-86F7-09D432CA8B5D}.Release|x86.Build.0 = Release|Win32
		{2BF49367-1FB3-46A7-903A-BA4D1F732DBB}.Debug|x64.ActiveCfg = Debug|x64
		{2BF49367-1FB3-46A7-903A-BA4D1F732DBB}.Debug|x64.Build.0 = Debug|x64
		{2BF49367-1FB3-46A7-903A-BA4D1F732DBB}.Debug|x86.ActiveCfg = Debug|Win32
		{2BF49367-1FB3-46A7-903A-BA4D1F732DBB}.Debug|x86.Build.0 = Debug|Win32
		{2BF49367-1FB3-46A7-903A-BA4D1F732DBB}.Release|x64.ActiveCfg = Release|x64
		{2BF49367-1FB3-46A7-903A-BA4D1F732DBB}.Release|x64.Build.0 = Release|x64
		{2BF49367-1FB3-46A7-903A-BA4D1F732DBB}.Release|x86.ActiveCfg = Release|Win32
		{2BF49367-1FB3-46A7-903A-BA4D1F732DBB}.Release|x86.Build.0 = Release|Win32
		{204F5774-54BF-4DC5-B4DF-8963211907ED}.Debug|x64.ActiveCfg = Debug|x64
		{204F5774-54BF-4DC5-B4DF-8963211907ED}.Debug|x64.Build.0 = Debug|x64
		{204F5774-54BF-4DC5-B4DF-8963211907ED}.Debug|x86.ActiveCfg = Debug|Win32
		{204F5774-54BF-4DC5-B4DF-8963211907ED}.Debug|x86.Build.0 = Debug|Win32
		{204F5774-54BF-4DC5-B4DF-8963211907ED}.Release|x64.ActiveCfg = Release|x64
		{204F5774-54BF-4DC5-B4DF-8963211907ED}.Release|x64.Build.0 = Release|x64
		{204F5774-54BF-4DC5-B4DF-8963211907ED}.Release|x86.ActiveCfg = Release|Win32
		{204F5774-54BF-4DC5-B4DF-8963211907ED}.Release|x86.Build.0 = Release|Win32
		{8BFC44FB-AD2A-471B-B19F-00FA609A0E1D}.Debug|x64.ActiveCfg = Debug|x64
		{8BFC44FB-AD2A-471B-B19F-00FA609A0E1D}.Debug|x64.Build.0 = Debug|x64
		{8BFC44FB-AD2A-471B-B19F-00FA609A0E1D}.Debug|x86.ActiveCfg = Debug|Win32
		{8BFC44FB-AD2A-471B-B19F-00FA609A0E1D}.Debug|x86.Build.0 = Debug|Win32
		{8BFC44FB-AD2A-471B-B19F-00FA609A0E1D}.Release|x64.ActiveCfg = Release|x64
		{8BFC44FB-AD2A-471B-B19F-00FA609A0E1D}.Release|x64.Build.0 = Release|x64
		{8BFC44FB-AD2A-471B-B19F-00FA609A0E1D}.Release|x86.ActiveCfg = Release|Win32
		{8BFC44FB-AD2A-471B-B19F-00FA609A0E1D}.Release|x86.Build.0 = Release|Win32
		{F4237154-4316-4911-BC6E-58ACC47734D8}.Debug|x64.ActiveCfg = Debug|x64
		{F4237154-4316-4911-BC6E-58ACC47734D8}.Debug|x64.Build.0 = Debug|x64
		{F4237154-4316-4911-BC6E-58ACC47734D8}.Debug|x86.ActiveCfg = Debug|Win32
		{F4237154-4316-4911-BC6E-58ACC47734D8}.Debug|x86.Build.0 = Debug|Win32
		{F4237154-4316-4911-BC6E-58ACC47734D8}.Release|x64.ActiveCfg = Release|x64
		{F4237154-4316-4911-BC6E-58ACC47734D8}.Release|x64.Build.0 = Release|x64
		{F4237154-4316-4911-BC6E-58ACC47734D8}.Release|x86.ActiveCfg = Release|Win32
		{F4237154-4316-4911-BC6E-58ACC47734D8}.Release|x86.Build.0 = Release|Win32
		{E95624A8-7C38-479E-8FB7-9F83E6ABF3E3}.Debug|x64.ActiveCfg = Debug|x64
		{E95624A8-7C38-479E-8FB7-9F83E6ABF3E3}.Debug|x64.Build.0 = Debug|x64
		{E95624A8-7C38-479E-8FB7-9F83E6ABF3E3}.Debug|x86.ActiveCfg = Debug|Win32
		{E95624A8-7C38-479E-8FB7-9F83E6ABF3E3}.Debug|x86.Build.0 = Debug|Win32
		{E95624A8-7C38-479E-8FB7-9F83E6ABF3E3}.Release|x64.ActiveCfg = Release|x64
		{E95624A8-7C38-479E-8FB7-9F83E6ABF3E3}.Release|x64.Build.0 = Release|x64
		{E95624A8-7C38-479E-8FB7-9F83E6ABF3E3}.Release|x86.ActiveCfg = Release|Win32
		{E95624A8-7C38-479E-8FB7-9F83E6ABF3E3}.Release|x86.Build.0 = Release|Win32
		{2054B40E-BC43-4D79-B969-A663D750E960}.Debug|x64.ActiveCfg = Debug|x64
		{2054B40E-BC43-4D79-B969-A663D750E960}.Debug|x64.Build.0 = Debug|x64
		{2054B40E-BC43-4D79-B969-A663D750E960}.Debug|x86.ActiveCfg = Debug|Win32
		{2054B40E-BC43-4D79-B969-A663D750E960}.Debug|x86.Build.0 = Debug|Win32
		{2054B40E-BC43-4D79-B969-A663D750E960}.Release|x64.ActiveCfg = Release|x64
		{2054B40E-BC43-4D79-B969-A663D750E960}.Release|x64.Build.0 = Release|x64
		{2054B40E-BC43-4D79-B969-A663D750E960}.Release|x86.ActiveCfg = Release|Win32
		{2054B40E-BC43-4D79-B969-A663D750E960}.Release|x86.Build.0 = Release|Win32
		{E84C1545-0DBD-4A60-9D8F-13AA6914F7D1}.Debug|x64.ActiveCfg = Debug|x64
		{E84C1545-0DBD-4A60-9D8F-13AA6914F7D1}.Debug|x64.Build.0 = Debug|x64
		{E84C1545-0DBD-4A60-9D8F-13AA6914F7D1}.Debug|x86.ActiveCfg = Debug|Win32
		{E84C1545-0DBD-4A60-9D8F-13AA6914F7D1}.Debug|x86.Build.0 = Debug|Win32
		{E84C1545-0DBD-4A60-9D8F-13AA6914F7D1}.Release|x64.ActiveCfg = Release|x64
		{E84C1545-0DBD-4A60-9D8F-13AA6914F7D1}.Release|x64.Build.0 = Release|x64
		{E84C1545-0DBD-4A60-9D8F-13AA6914F7D1}.Release|x86.ActiveCfg = Release|Win32
		{E84C1545-0DBD-4A60-9D8F-13AA6914F7D1}.Release|x86.Build.0 = Release|Win32
		{187B9F5B-0FA5-4BCF-9159-723D0EFE6BC8}.Debug|x64.ActiveCfg = Debug|x64
		{187B9F5B-0FA5-4BCF-9159-723D0EFE6BC8}.Debug|x64.Build.0 = Debug|x64
		{187B9F5B-0FA5-4BCF-9159-723D0EFE6BC8}.Debug|x86.ActiveCfg = Debug|Win32
		{187B9F5B-0FA5-4BCF-9159-723D0EFE6BC8}.Debug|x86.Build.0 = Debug|Win32
		{187B9F5B-0FA5-4BCF-9159-723D0EFE6BC8}.Release|x64.ActiveCfg = Release|x64
		{187B9F5B-0FA5-4BCF-9159-723D0EFE6BC8}.Release|x64.Build.0 = Release|x64
		{187B9F5B-0FA5-4BCF-9159-723D0EFE6BC8}.Release|x86.ActiveCfg = Release|Win32
		{187B9F5B-0FA5-4BCF-9159-723D0EFE6BC8}.Release|x86.Build.0 = Release|Win32
		{2771B484-28DC-4FCC-93CD-2CAD5A6B8AFF}.Debug|x64.ActiveCfg = Debug|x64
		{2771B484-28DC-4FCC-93CD-2CAD5A6B8AFF}.Debug|x64.Build.0 = Debug|x64
		{2771B484-28DC-4FCC-93CD-2CAD5A6B8AFF}.Debug|x86.ActiveCfg = Debug|Win32
		{2771B484-28DC-4FCC-93CD-2CAD5A6B8AFF}.Debug|x86.Build.0 = Debug|Win32
		{2771B484-28DC-4FCC-93CD-2CAD5A6B8AFF}.Release|x64.ActiveCfg = Release|x64
		{2771B484-28DC-4FCC-93CD-2CAD5A6B8AFF}.Release|x64.Build.0 = Release|x64
		{2771B484-28DC-4FCC-93CD-2CAD5A6B8AFF}.Release|x86.ActiveCfg = Release|Win32
		{2771B484-28DC-4FCC-93CD-2CAD5A6B8AFF}.Release|x86.Build.0 = Release|Win32
		{4248F53F-2CB5-4169-9980-E6A285494A7E}.Debug|x64.ActiveCfg = Debug|x64
		{4248F53F-2CB5-4169-9980-E6A285494A7E}.Debug|x64.Build.0 = Debug|x64
		{4248F53F-2CB5-4169-9980-E6A285494A7E}.Debug|x86.ActiveCfg = Debug|Win32
		{4248F53F-2CB5-4169-9980-E6A285494A7E}.Debug|x86.Build.0 = Debug|Win32
		{4248F53F-2CB5-4169-9980-E6A285494A7E}.Release|x64.ActiveCfg = Release|x64
		{4248F53F-2CB5-4169-9980-E6A285494A7E}.Release|x64.Build.0 = Release|x64
		{4248F53F-2CB5-4169-9980-E6A285494A7E}.Release|x86.ActiveCfg = Release|Win32
		{4248F53F-2CB5-4169-9980-E6A285494A7E}.Release|x86.Build.0 = Release|Win32
		{B4ACB0AF-220D-4E48-A532-0291A5F65961}.Debug|x64.ActiveCfg = Debug|x64
		{B4ACB0AF-220D-4E48-A532-0291A5F65961}.Debug|x64.Build.0 = Debug|x64
		{B4ACB0AF-220D-4E48-A532-0291A5F65961}.Debug|x86.ActiveCfg = Debug|Win32
		{B4ACB0AF-220D-4E48-A532-0291A5F65961}.Debug|x86.Build.0 = Debug|Win32
		{B4ACB0AF-220D-4E48-A532-0291A5F65961}.Release|x64.ActiveCfg = Release|x64
		{B4ACB0AF-220D-4E48-A532-0291A5F65961}.Release|x64.Build.0 = Release|x64
		{B4ACB0AF-220D-4E48-A532-0291A5F65961}.Release|x86.ActiveCfg = Release|Win32
		{B4ACB0AF-220D-4E48-A532-0291A5F65961}.Release|x86.Build.0 = Release|Win32
		{35015D7C-6DE1-4810-A174-1CADA56568F7}.Debug|x64.ActiveCfg = Debug|x64
		{35015D7C-6DE1-4810-A174-1CADA56568F7}.Debug|x64.Build.0 = Debug|x64
		{35015D7C-6DE1-4810-A174-1CADA56568F7}.Debug|x86.ActiveCfg = Debug|Win32
		{35015D7C-6DE1-4810-A174-1CADA56568F7}.Debug|x86.Build.0 = Debug|Win32
		{35015D7C-6DE1-4810-A174-1CADA56568F7}.Release|x64.ActiveCfg = Release|x64
		{35015D7C-6DE1-4810-A174-1CADA56568F7}.Release|x64.Build.0 = Release|x64
		{35015D7C-6DE1-4810-A174-1CADA56568F7}.Release|x86.ActiveCfg = Release|Win32
		{35015D7C-6DE1-4810-A174-1CADA56568F7}.Release|x86.Build.0 = Release|Win32
		{CABC16BE-A417-457A-9AED-E7A087D6354F}.Debug|x64.ActiveCfg = Debug|x64
		{CABC16BE-A417-457A-9AED-E7A087D6354F}.Debug|x64.Build.0 = Debug|x64
		{CABC16BE-A417-457A-9AED-E7A087D6354F}.Debug|x86.ActiveCfg = Debug|Win32
		{CABC16BE-A417-457A-9AED-E7A087D6354F}.Debug|x86.Build.0 = Debug|Win32
		{CABC16BE-A417-457A-9AED-E7A087D6354F}.Release|x64.ActiveCfg = Release|x64
		{CABC16BE-A417-457A-9AED-E7A087D6354F}.Release|x64.Build.0 = Release|x64
		{CABC16BE-A417-457A-9AED-E7A087D6354F}.Release|x86.ActiveCfg = Release|Win32
		{CABC16BE-A417-457A-9AED-E7A087D6354F}.Release|x86.Build.0 = Release|Win32
		{C7ED6CBE-416E-4831-BD55-449F9F505550}.Debug|x64.ActiveCfg = Debug|x64
		{C7ED6CBE-416E-4831-BD55-449F9F505550}.Debug|x64.Build.0 = Debug|x64
		{C7ED6CBE-416E-4831-BD55-449F9F505550}.Debug|x86.ActiveCfg = Debug|Win32
		{C7ED6CBE-416E-4831-BD55-449F9F505550}.Debug|x86.Build.0 = Debug|Win32
		{C7ED6CBE-416E-4831-BD55-449F9F505550}.Release|x64.ActiveCfg = Release|x64
		{C7ED6CBE-416E-4831-BD55-449F9F505550}.Release|x64.Build.0 = Release|x64
		{C7ED6CBE-416E-4831-BD55-449F9F505550}.Release|x86.ActiveCfg = Release|Win32
		{C7ED6CBE-416E-4831-BD55-449F9F505550}.Release|x86.Build.0 = Release|Win32
		{2DA22CA2-51A8-47DB-8366-219D35D3C9DC}.Debug|x64.ActiveCfg = Debug|x64
		{2DA22CA2-51A8-47DB-8366-219D35D3C9DC}.Debug|x64.Build.0 = Debug|x64
		{2DA22CA2-51A8-47DB-8366-219D35D3C9DC}.Debug|x86.ActiveCfg = Debug|Win32
		{2DA22CA2-51A8-47DB-8366-219D35D3C9DC}.Debug|x86.Build.0 = Debug|Win32
		{2DA22CA2-51A8-47DB-8366-219D35D3C9DC}.Release|x64.ActiveCfg = Release|x64
		{2DA22CA2-51A8-47DB-8366-219D35D3C9DC}.Release|x64.Build.0 = Release|x64
		{2DA22CA2-51A8-47DB-8366-219D35D3C9DC}.Release|x86.ActiveCfg = Release|Win32
		{2DA22CA2-51A8-47DB-8366-219D35D3C9DC}.Release|x86.Build.0 = Release|Win32
		{7D30A2AD-03C4-4AA4-A960-A2F2BDB4681E}.Debug|x64.ActiveCfg = Debug|x64
		{7D30A2AD-03C4-4AA4-A960-A2F2BDB4681E}.Debug|x64.Build.0 = Debug|x64
		{7D30A2AD-03C4-4AA4-A960-A2F2BDB4681E}.Debug|x86.ActiveCfg = Debug|Win32
		{7D30A2AD-03C4-4AA4-A960-A2F2BDB4681E}.Debug|x86.Build.0 = Debug|Win32
		{7D30A2AD-03C4-4AA4-A960-A2F2BDB4681E}.Release|x64.ActiveCfg = Release|x64
		{7D30A2AD-03C4-4AA4-A960-A2F2BDB4681E}.Release|x64.Build.0 = Release|x64
		{7D30A2AD-03C4-4AA4-A960-A2F2BDB4681E}.Release|x86.ActiveCfg = Release|Win32
		{7D30A2AD-03C4-4AA4-A960-A2F2BDB4681E}.Release|x86.Build.0 = Release|Win32
		{8E96C2B3-E1F7-4405-8868-402BAB408F50}.Debug|x64.ActiveCfg = Debug|x64
		{8E96C2B3-E1F7-4405-8868-402BAB408F50}.Debug|x64.Build.0 = Debug|x64
		{8E96C2B3-E1F7-4405-8868-402BAB408F50}.Debug|x86.ActiveCfg = Debug|Win32
		{8E96C2B3-E1F7-4405-8868-402BAB408F50}.Debug|x86.Build.0 = Debug|Win32
		{8E96C2B3-E1F7-4405-8868-402BAB408F50}.Release|x64.ActiveCfg = Release|x64
		{8E96C2B3-E1F7-4405-8868-402BAB408F50}.Release|x64.Build.0 = Release|x64
		{8E96C2B3-E1F7-4405-8868-402BAB408F50}.Release|x86.ActiveCfg = Release|Win32
		{8E96C2B3-E1F7-4405-8868-402BAB408F50}.Release|x86.Build.0 = Release|Win32
		{F99815F1-6280-427C-A1BF-5624EC7ABD1F}.Debug|x64.ActiveCfg = Debug|x64
		{F99815F1-6280-427C-A1BF-5624EC7ABD1F}.Debug|x64.Build.0 = Debug|x64
		{F99815F1-6280-427C-A1BF-5624EC7ABD1F}.Debug|x86.ActiveCfg = Debug|Win32
		{F99815F1-6280-427C-A1BF-5624EC7ABD1F}.Debug|x86.Build.0 = Debug|Win32
		{F99815F1-6280-427C-A1BF-5624EC7ABD1F}.Release|x64.ActiveCfg = Release|x64
		{F99815F1-6280-427C-A1BF-5624EC7ABD1F}.Release|x64.Build.0 = Release|x64
		{F99815F1-6280-427C-A1BF-5624EC7ABD1F}.Release|x86.ActiveCfg = Release|Win32
		{F99815F1-6280-427C-A1BF-5624EC7ABD1F}.Release|x86.Build.0 = Release|Win32
		{DD0DEA16-5AEC-4FC7-9107-5FA9A30C5406}.Debug|x64.ActiveCfg = Debug|x64
		{DD0DEA16-5AEC-4FC7-9107-5FA9A30C5406}.Debug|x64.Build.0 = Debug|x64
		{DD0DEA16-5AEC-4FC7-9107-5FA9A30C5406}.Debug|x86.ActiveCfg = Debug|Win32
		{DD0DEA16-5AEC-4FC7-9107-5FA9A30C5406}.Debug|x86.Build.0 = Debug|Win32
		{DD0DEA16-5AEC-4FC7-9107-5FA9A30C5406}.Release|x64.ActiveCfg = Release|x64
		{DD0DEA16-5AEC-4FC7-9107-5FA9A30C5406}.Release|x64.Build.0 = Release|x64
		{DD0DEA16-5AEC-4FC7-9107-5FA9A30C5406}.Release|x86.ActiveCfg = Release|Win32
		{DD0DEA16-5AEC-4FC7-9107-5FA9A30C5406}.Release|x86.Build.0 = Release|Win32
	EndGlobalSection
	GlobalSection(SolutionProperties) = preSolution
		HideSolutionNode = FALSE
	EndGlobalSection
	GlobalSection(ExtensibilityGlobals) = postSolution
		SolutionGuid = {C92DCF48-6CB9-4FB0-9626-0B954781DD2D}
	EndGlobalSection
EndGlobal
